
Microsoft Visual Studio Solution File, Format Version 12.00
# Visual Studio Version 17
VisualStudioVersion = 17.3.32804.467
MinimumVisualStudioVersion = 10.0.40219.1
Project("{FAE04EC0-301F-11D3-BF4B-00C04F79EFBC}") = "ShopTest1", "ShopTest1\ShopTest1.csproj", "{D676CEE3-E889-41B8-AE43-EC3D6B8F7912}"
EndProject
Global
	GlobalSection(SolutionConfigurationPlatforms) = preSolution
		Debug|Any CPU = Debug|Any CPU
		Release|Any CPU = Release|Any CPU
	EndGlobalSection
	GlobalSection(ProjectConfigurationPlatforms) = postSolution
		{D676CEE3-E889-41B8-AE43-EC3D6B8F7912}.Debug|Any CPU.ActiveCfg = Debug|Any CPU
		{D676CEE3-E889-41B8-AE43-EC3D6B8F7912}.Debug|Any CPU.Build.0 = Debug|Any CPU
		{D676CEE3-E889-41B8-AE43-EC3D6B8F7912}.Release|Any CPU.ActiveCfg = Release|Any CPU
		{D676CEE3-E889-41B8-AE43-EC3D6B8F7912}.Release|Any CPU.Build.0 = Release|Any CPU
	EndGlobalSection
	GlobalSection(SolutionProperties) = preSolution
		HideSolutionNode = FALSE
	EndGlobalSection
	GlobalSection(ExtensibilityGlobals) = postSolution
		SolutionGuid = {8E6E9BC4-0908-412A-80CB-017C2958BE0C}
	EndGlobalSection
EndGlobal
